
Microsoft Visual Studio Solution File, Format Version 12.00
# Visual Studio Version 17
VisualStudioVersion = 17.14.36623.8
MinimumVisualStudioVersion = 10.0.40219.1
Project("{FAE04EC0-301F-11D3-BF4B-00C04F79EFBC}") = "Parcial2DesIV", "Parcial2DesIV\Parcial2DesIV.csproj", "{1E11958F-F831-4903-814A-8194BC466D9E}"
EndProject
Global
	GlobalSection(SolutionConfigurationPlatforms) = preSolution
		Debug|Any CPU = Debug|Any CPU
		Release|Any CPU = Release|Any CPU
	EndGlobalSection
	GlobalSection(ProjectConfigurationPlatforms) = postSolution
		{1E11958F-F831-4903-814A-8194BC466D9E}.Debug|Any CPU.ActiveCfg = Debug|Any CPU
		{1E11958F-F831-4903-814A-8194BC466D9E}.Debug|Any CPU.Build.0 = Debug|Any CPU
		{1E11958F-F831-4903-814A-8194BC466D9E}.Release|Any CPU.ActiveCfg = Release|Any CPU
		{1E11958F-F831-4903-814A-8194BC466D9E}.Release|Any CPU.Build.0 = Release|Any CPU
	EndGlobalSection
	GlobalSection(SolutionProperties) = preSolution
		HideSolutionNode = FALSE
	EndGlobalSection
	GlobalSection(ExtensibilityGlobals) = postSolution
		SolutionGuid = {320924B3-95E0-4903-B5F5-80F8CFD37D31}
	EndGlobalSection
EndGlobal
